
Microsoft Visual Studio Solution File, Format Version 12.00
# Visual Studio Version 17
VisualStudioVersion = 17.14.36623.8 d17.14
MinimumVisualStudioVersion = 10.0.40219.1
Project("{FAE04EC0-301F-11D3-BF4B-00C04F79EFBC}") = "KDWalks.API", "KDWalks.API\KDWalks.API.csproj", "{7B5EB9D6-783B-4F35-9551-00B88AED7E1C}"
EndProject
Global
	GlobalSection(SolutionConfigurationPlatforms) = preSolution
		Debug|Any CPU = Debug|Any CPU
		Release|Any CPU = Release|Any CPU
	EndGlobalSection
	GlobalSection(ProjectConfigurationPlatforms) = postSolution
		{7B5EB9D6-783B-4F35-9551-00B88AED7E1C}.Debug|Any CPU.ActiveCfg = Debug|Any CPU
		{7B5EB9D6-783B-4F35-9551-00B88AED7E1C}.Debug|Any CPU.Build.0 = Debug|Any CPU
		{7B5EB9D6-783B-4F35-9551-00B88AED7E1C}.Release|Any CPU.ActiveCfg = Release|Any CPU
		{7B5EB9D6-783B-4F35-9551-00B88AED7E1C}.Release|Any CPU.Build.0 = Release|Any CPU
	EndGlobalSection
	GlobalSection(SolutionProperties) = preSolution
		HideSolutionNode = FALSE
	EndGlobalSection
	GlobalSection(ExtensibilityGlobals) = postSolution
		SolutionGuid = {C5E9EB67-6FCC-4D74-9DB0-66D50CA5B892}
	EndGlobalSection
EndGlobal
